
Microsoft Visual Studio Solution File, Format Version 12.00
# Visual Studio Version 17
VisualStudioVersion = 17.14.36221.1 d17.14
MinimumVisualStudioVersion = 10.0.40219.1
Project("{FAE04EC0-301F-11D3-BF4B-00C04F79EFBC}") = "AgendaSalud.Postino.EmailService", "AgendaSalud.Postino.EmailService.csproj", "{17159821-E62D-4233-B1FD-322A9C212EFD}"
EndProject
Global
	GlobalSection(SolutionConfigurationPlatforms) = preSolution
		Debug|Any CPU = Debug|Any CPU
		Release|Any CPU = Release|Any CPU
	EndGlobalSection
	GlobalSection(ProjectConfigurationPlatforms) = postSolution
		{17159821-E62D-4233-B1FD-322A9C212EFD}.Debug|Any CPU.ActiveCfg = Debug|Any CPU
		{17159821-E62D-4233-B1FD-322A9C212EFD}.Debug|Any CPU.Build.0 = Debug|Any CPU
		{17159821-E62D-4233-B1FD-322A9C212EFD}.Release|Any CPU.ActiveCfg = Release|Any CPU
		{17159821-E62D-4233-B1FD-322A9C212EFD}.Release|Any CPU.Build.0 = Release|Any CPU
	EndGlobalSection
	GlobalSection(SolutionProperties) = preSolution
		HideSolutionNode = FALSE
	EndGlobalSection
	GlobalSection(ExtensibilityGlobals) = postSolution
		SolutionGuid = {C3506E5E-907A-4C13-9292-3D0F48F39CE0}
	EndGlobalSection
EndGlobal
